
Microsoft Visual Studio Solution File, Format Version 12.00
# Visual Studio Version 16
VisualStudioVersion = 16.0.31321.278
MinimumVisualStudioVersion = 10.0.40219.1
Project("{FAE04EC0-301F-11D3-BF4B-00C04F79EFBC}") = "NguyenThanhCong_03", "NguyenThanhCong_03\NguyenThanhCong_03.csproj", "{D803372A-445A-448F-89D6-D8767E5C91E1}"
EndProject
Global
	GlobalSection(SolutionConfigurationPlatforms) = preSolution
		Debug|Any CPU = Debug|Any CPU
		Release|Any CPU = Release|Any CPU
	EndGlobalSection
	GlobalSection(ProjectConfigurationPlatforms) = postSolution
		{D803372A-445A-448F-89D6-D8767E5C91E1}.Debug|Any CPU.ActiveCfg = Debug|Any CPU
		{D803372A-445A-448F-89D6-D8767E5C91E1}.Debug|Any CPU.Build.0 = Debug|Any CPU
		{D803372A-445A-448F-89D6-D8767E5C91E1}.Release|Any CPU.ActiveCfg = Release|Any CPU
		{D803372A-445A-448F-89D6-D8767E5C91E1}.Release|Any CPU.Build.0 = Release|Any CPU
	EndGlobalSection
	GlobalSection(SolutionProperties) = preSolution
		HideSolutionNode = FALSE
	EndGlobalSection
	GlobalSection(ExtensibilityGlobals) = postSolution
		SolutionGuid = {EEC8B932-CEE6-465F-9291-E4678E0D1644}
	EndGlobalSection
EndGlobal
